
Microsoft Visual Studio Solution File, Format Version 12.00
# Visual Studio Version 16
VisualStudioVersion = 16.0.32106.194
MinimumVisualStudioVersion = 10.0.40219.1
Project("{FAE04EC0-301F-11D3-BF4B-00C04F79EFBC}") = "ACM.BL", "ACM.BL\ACM.BL.csproj", "{3AF9F9EB-E822-478B-9545-4D4BB26AD721}"
EndProject
Project("{2150E333-8FDC-42A3-9474-1A3956D46DE8}") = "Tests", "Tests", "{DCD4EB9B-8685-4A61-8F00-78B73F8C579B}"
EndProject
Project("{FAE04EC0-301F-11D3-BF4B-00C04F79EFBC}") = "ACM.BLTest", "Tests\ACM.BLTest\ACM.BLTest.csproj", "{32B0C18D-7046-494C-AF97-FBBEB9B5FDCB}"
EndProject
Global
	GlobalSection(SolutionConfigurationPlatforms) = preSolution
		Debug|Any CPU = Debug|Any CPU
		Release|Any CPU = Release|Any CPU
	EndGlobalSection
	GlobalSection(ProjectConfigurationPlatforms) = postSolution
		{3AF9F9EB-E822-478B-9545-4D4BB26AD721}.Debug|Any CPU.ActiveCfg = Debug|Any CPU
		{3AF9F9EB-E822-478B-9545-4D4BB26AD721}.Debug|Any CPU.Build.0 = Debug|Any CPU
		{3AF9F9EB-E822-478B-9545-4D4BB26AD721}.Release|Any CPU.ActiveCfg = Release|Any CPU
		{3AF9F9EB-E822-478B-9545-4D4BB26AD721}.Release|Any CPU.Build.0 = Release|Any CPU
		{32B0C18D-7046-494C-AF97-FBBEB9B5FDCB}.Debug|Any CPU.ActiveCfg = Debug|Any CPU
		{32B0C18D-7046-494C-AF97-FBBEB9B5FDCB}.Debug|Any CPU.Build.0 = Debug|Any CPU
		{32B0C18D-7046-494C-AF97-FBBEB9B5FDCB}.Release|Any CPU.ActiveCfg = Release|Any CPU
		{32B0C18D-7046-494C-AF97-FBBEB9B5FDCB}.Release|Any CPU.Build.0 = Release|Any CPU
	EndGlobalSection
	GlobalSection(SolutionProperties) = preSolution
		HideSolutionNode = FALSE
	EndGlobalSection
	GlobalSection(NestedProjects) = preSolution
		{32B0C18D-7046-494C-AF97-FBBEB9B5FDCB} = {DCD4EB9B-8685-4A61-8F00-78B73F8C579B}
	EndGlobalSection
	GlobalSection(ExtensibilityGlobals) = postSolution
		SolutionGuid = {B6C4EAEA-8FD6-406D-9495-7383545AC8CC}
	EndGlobalSection
EndGlobal
